
Microsoft Visual Studio Solution File, Format Version 12.00
# Visual Studio 14
VisualStudioVersion = 14.0.25420.1
MinimumVisualStudioVersion = 10.0.40219.1
Project("{FAE04EC0-301F-11D3-BF4B-00C04F79EFBC}") = "WeatherForecastApp", "WeatherForecastApp\WeatherForecastApp.csproj", "{C0D0B973-CF65-4ABA-AE4B-7AA5492ACEDC}"
EndProject
Global
	GlobalSection(SolutionConfigurationPlatforms) = preSolution
		Debug|Any CPU = Debug|Any CPU
		Release|Any CPU = Release|Any CPU
	EndGlobalSection
	GlobalSection(ProjectConfigurationPlatforms) = postSolution
		{C0D0B973-CF65-4ABA-AE4B-7AA5492ACEDC}.Debug|Any CPU.ActiveCfg = Debug|Any CPU
		{C0D0B973-CF65-4ABA-AE4B-7AA5492ACEDC}.Debug|Any CPU.Build.0 = Debug|Any CPU
		{C0D0B973-CF65-4ABA-AE4B-7AA5492ACEDC}.Release|Any CPU.ActiveCfg = Release|Any CPU
		{C0D0B973-CF65-4ABA-AE4B-7AA5492ACEDC}.Release|Any CPU.Build.0 = Release|Any CPU
	EndGlobalSection
	GlobalSection(SolutionProperties) = preSolution
		HideSolutionNode = FALSE
	EndGlobalSection
EndGlobal
